{
  "originHash" : "63ff7a924ab180ca91c3173972948e2f1e14128364c88e274ab1e746dd42d95b",
  "pins" : [
    {
      "identity" : "swift-toml",
      "kind" : "remoteSourceControl",
      "location" : "https://github.com/jdfergason/swift-toml",
      "state" : {
        "branch" : "master",
        "revision" : "f26573bd49534f68ac11c2f7467c1d50cdb2afce"
      }
    }
  ],
  "version" : 3
}
